
Microsoft Visual Studio Solution File, Format Version 9.00
# Visual Studio 2005
Project("{FAE04EC0-301F-11D3-BF4B-00C04F79EFBC}") = "TickTack", "TickTack.csproj", "{4DFF04CB-9192-4CB8-899F-4738A9263F0F}"
EndProject
Global
	GlobalSection(SolutionConfigurationPlatforms) = preSolution
		Debug|Any CPU = Debug|Any CPU
		Release|Any CPU = Release|Any CPU
	EndGlobalSection
	GlobalSection(ProjectConfigurationPlatforms) = postSolution
		{4DFF04CB-9192-4CB8-899F-4738A9263F0F}.Debug|Any CPU.ActiveCfg = Debug|Any CPU
		{4DFF04CB-9192-4CB8-899F-4738A9263F0F}.Debug|Any CPU.Build.0 = Debug|Any CPU
		{4DFF04CB-9192-4CB8-899F-4738A9263F0F}.Release|Any CPU.ActiveCfg = Release|Any CPU
		{4DFF04CB-9192-4CB8-899F-4738A9263F0F}.Release|Any CPU.Build.0 = Release|Any CPU
	EndGlobalSection
	GlobalSection(SolutionProperties) = preSolution
		HideSolutionNode = FALSE
	EndGlobalSection
EndGlobal
